
Microsoft Visual Studio Solution File, Format Version 12.00
# Visual Studio Version 16
VisualStudioVersion = 16.0.30114.105
MinimumVisualStudioVersion = 10.0.40219.1
Project("{FAE04EC0-301F-11D3-BF4B-00C04F79EFBC}") = "MovieTicketsApp.WebApi", "MovieTicketsApp.WebApi\MovieTicketsApp.WebApi.csproj", "{D3881515-3428-491C-B545-DE8AB8E1CFBA}"
EndProject
Project("{FAE04EC0-301F-11D3-BF4B-00C04F79EFBC}") = "MovieTicketsApp.WebApi.IntegrationTests", "MovieTicketsApp.WebApi.IntegrationTests\MovieTicketsApp.WebApi.IntegrationTests.csproj", "{C5E38A24-B4E7-466C-953D-35C3CF762A81}"
EndProject
Global
	GlobalSection(SolutionConfigurationPlatforms) = preSolution
		Debug|Any CPU = Debug|Any CPU
		Release|Any CPU = Release|Any CPU
	EndGlobalSection
	GlobalSection(SolutionProperties) = preSolution
		HideSolutionNode = FALSE
	EndGlobalSection
	GlobalSection(ProjectConfigurationPlatforms) = postSolution
		{D3881515-3428-491C-B545-DE8AB8E1CFBA}.Debug|Any CPU.ActiveCfg = Debug|Any CPU
		{D3881515-3428-491C-B545-DE8AB8E1CFBA}.Debug|Any CPU.Build.0 = Debug|Any CPU
		{D3881515-3428-491C-B545-DE8AB8E1CFBA}.Release|Any CPU.ActiveCfg = Release|Any CPU
		{D3881515-3428-491C-B545-DE8AB8E1CFBA}.Release|Any CPU.Build.0 = Release|Any CPU
		{C5E38A24-B4E7-466C-953D-35C3CF762A81}.Debug|Any CPU.ActiveCfg = Debug|Any CPU
		{C5E38A24-B4E7-466C-953D-35C3CF762A81}.Debug|Any CPU.Build.0 = Debug|Any CPU
		{C5E38A24-B4E7-466C-953D-35C3CF762A81}.Release|Any CPU.ActiveCfg = Release|Any CPU
		{C5E38A24-B4E7-466C-953D-35C3CF762A81}.Release|Any CPU.Build.0 = Release|Any CPU
	EndGlobalSection
EndGlobal
